
Microsoft Visual Studio Solution File, Format Version 12.00
# Visual Studio Version 16
VisualStudioVersion = 16.0.33423.256
MinimumVisualStudioVersion = 10.0.40219.1
Project("{FAE04EC0-301F-11D3-BF4B-00C04F79EFBC}") = "task1", "task1\task1.csproj", "{45C30227-5245-4F0A-A426-460CB3C28656}"
EndProject
Global
	GlobalSection(SolutionConfigurationPlatforms) = preSolution
		Debug|Any CPU = Debug|Any CPU
		Release|Any CPU = Release|Any CPU
	EndGlobalSection
	GlobalSection(ProjectConfigurationPlatforms) = postSolution
		{45C30227-5245-4F0A-A426-460CB3C28656}.Debug|Any CPU.ActiveCfg = Debug|Any CPU
		{45C30227-5245-4F0A-A426-460CB3C28656}.Debug|Any CPU.Build.0 = Debug|Any CPU
		{45C30227-5245-4F0A-A426-460CB3C28656}.Release|Any CPU.ActiveCfg = Release|Any CPU
		{45C30227-5245-4F0A-A426-460CB3C28656}.Release|Any CPU.Build.0 = Release|Any CPU
	EndGlobalSection
	GlobalSection(SolutionProperties) = preSolution
		HideSolutionNode = FALSE
	EndGlobalSection
	GlobalSection(ExtensibilityGlobals) = postSolution
		SolutionGuid = {C17C2196-7B80-4B82-BAF9-FC529A3FEF0C}
	EndGlobalSection
EndGlobal
